
Microsoft Visual Studio Solution File, Format Version 12.00
# Visual Studio Version 17
VisualStudioVersion = 17.8.34309.116
MinimumVisualStudioVersion = 10.0.40219.1
Project("{9A19103F-16F7-4668-BE54-9A1E7A4F7556}") = "DataTypes", "DataTypes\DataTypes.csproj", "{2A62E8BC-0081-4396-94A7-345364D8273A}"
EndProject
Global
	GlobalSection(SolutionConfigurationPlatforms) = preSolution
		Debug|Any CPU = Debug|Any CPU
		Release|Any CPU = Release|Any CPU
	EndGlobalSection
	GlobalSection(ProjectConfigurationPlatforms) = postSolution
		{2A62E8BC-0081-4396-94A7-345364D8273A}.Debug|Any CPU.ActiveCfg = Debug|Any CPU
		{2A62E8BC-0081-4396-94A7-345364D8273A}.Debug|Any CPU.Build.0 = Debug|Any CPU
		{2A62E8BC-0081-4396-94A7-345364D8273A}.Release|Any CPU.ActiveCfg = Release|Any CPU
		{2A62E8BC-0081-4396-94A7-345364D8273A}.Release|Any CPU.Build.0 = Release|Any CPU
	EndGlobalSection
	GlobalSection(SolutionProperties) = preSolution
		HideSolutionNode = FALSE
	EndGlobalSection
	GlobalSection(ExtensibilityGlobals) = postSolution
		SolutionGuid = {B234C95B-DA42-48CD-8470-ABD96F2E1D96}
	EndGlobalSection
EndGlobal
